
Microsoft Visual Studio Solution File, Format Version 12.00
# Visual Studio 2012
Project("{2150E333-8FDC-42A3-9474-1A3956D46DE8}") = "Source", "Source", "{CD8276D4-87DC-4BA5-B316-F4F622A7B7A3}"
EndProject
Project("{2150E333-8FDC-42A3-9474-1A3956D46DE8}") = "Test", "Test", "{003534C2-4C5C-4F55-A627-DF3AA6841E5B}"
EndProject
Project("{FAE04EC0-301F-11D3-BF4B-00C04F79EFBC}") = "Peng.AppTool.Web", "Peng.AppTool.Web\Peng.AppTool.Web.csproj", "{0597F74E-63EE-45EC-9D86-A057A302668E}"
EndProject
Project("{2150E333-8FDC-42A3-9474-1A3956D46DE8}") = "Caching", "Caching", "{CFD08A14-F722-4132-AD37-8A0611E6C327}"
EndProject
Project("{2150E333-8FDC-42A3-9474-1A3956D46DE8}") = "Content", "Content", "{FAB40AA3-0F91-41DB-98DA-A5A1D87830D0}"
EndProject
Project("{2150E333-8FDC-42A3-9474-1A3956D46DE8}") = "Providers", "Providers", "{19B4C4C8-61A3-417D-A93D-9370F710AD0B}"
EndProject
Project("{2150E333-8FDC-42A3-9474-1A3956D46DE8}") = "DotNet.Utilities", "DotNet.Utilities", "{D619F8BB-FAB0-424A-A46F-EACDD889A707}"
EndProject
Project("{FAE04EC0-301F-11D3-BF4B-00C04F79EFBC}") = "DotNet.Utilities", "DotNet.Utilities\DotNet.Utilities.csproj", "{0F514B03-F74F-4D1B-AE63-F61E2392BBC4}"
EndProject
Project("{FAE04EC0-301F-11D3-BF4B-00C04F79EFBC}") = "Peng.T4.Utils", "Peng.T4.Utils\Peng.T4.Utils.csproj", "{A9CC238F-3133-4D76-A9A8-1FBC894774C5}"
EndProject
Project("{2150E333-8FDC-42A3-9474-1A3956D46DE8}") = "Client", "Client", "{D53D8472-D2E2-4A49-BAA4-DBA0E07AF95C}"
EndProject
Project("{FAE04EC0-301F-11D3-BF4B-00C04F79EFBC}") = "Peng.Xclient", "Peng.Xclient\Peng.Xclient.csproj", "{1B98073A-B2DC-468C-A7E9-F71578E26118}"
EndProject
Project("{FAE04EC0-301F-11D3-BF4B-00C04F79EFBC}") = "Peng.DbToModel", "Peng.DbToModel\Peng.DbToModel.csproj", "{B2C4B516-4A66-4CF0-B219-C25CBCB895FB}"
EndProject
Project("{FAE04EC0-301F-11D3-BF4B-00C04F79EFBC}") = "Peng.Load", "Peng.Load\Peng.Load.csproj", "{2C8A7F34-B933-481C-B658-95EFBC177E77}"
EndProject
Project("{FAE04EC0-301F-11D3-BF4B-00C04F79EFBC}") = "Peng.Client", "Peng.Client\Peng.Client.csproj", "{4FCB33FA-5924-4B89-AB2B-5C51F6C2A995}"
EndProject
Project("{FAE04EC0-301F-11D3-BF4B-00C04F79EFBC}") = "WebAndLoadTest", "WebAndLoadTest\WebAndLoadTest.csproj", "{6DE06256-5D91-4E85-AF9C-0FA8D7888911}"
EndProject
Project("{2150E333-8FDC-42A3-9474-1A3956D46DE8}") = "LocalTestSetting", "LocalTestSetting", "{6AFF9995-C932-4B07-A72C-7FF6AA5EC933}"
	ProjectSection(SolutionItems) = preProject
		Local.testsettings = Local.testsettings
	EndProjectSection
EndProject
Project("{FAE04EC0-301F-11D3-BF4B-00C04F79EFBC}") = "CodedUITest", "CodedUITest\CodedUITest.csproj", "{9F71E046-C1B9-4168-8744-ED9D2F1BBA49}"
EndProject
Project("{FAE04EC0-301F-11D3-BF4B-00C04F79EFBC}") = "UnitTestProject", "UnitTestProject\UnitTestProject.csproj", "{D0BA31A1-F17F-4E75-A108-3DE15DAB6613}"
EndProject
Global
	GlobalSection(SolutionConfigurationPlatforms) = preSolution
		Debug|Any CPU = Debug|Any CPU
		Release|Any CPU = Release|Any CPU
	EndGlobalSection
	GlobalSection(ProjectConfigurationPlatforms) = postSolution
		{0597F74E-63EE-45EC-9D86-A057A302668E}.Debug|Any CPU.ActiveCfg = Debug|Any CPU
		{0597F74E-63EE-45EC-9D86-A057A302668E}.Debug|Any CPU.Build.0 = Debug|Any CPU
		{0597F74E-63EE-45EC-9D86-A057A302668E}.Release|Any CPU.ActiveCfg = Release|Any CPU
		{0597F74E-63EE-45EC-9D86-A057A302668E}.Release|Any CPU.Build.0 = Release|Any CPU
		{0F514B03-F74F-4D1B-AE63-F61E2392BBC4}.Debug|Any CPU.ActiveCfg = Debug|Any CPU
		{0F514B03-F74F-4D1B-AE63-F61E2392BBC4}.Debug|Any CPU.Build.0 = Debug|Any CPU
		{0F514B03-F74F-4D1B-AE63-F61E2392BBC4}.Release|Any CPU.ActiveCfg = Release|Any CPU
		{0F514B03-F74F-4D1B-AE63-F61E2392BBC4}.Release|Any CPU.Build.0 = Release|Any CPU
		{A9CC238F-3133-4D76-A9A8-1FBC894774C5}.Debug|Any CPU.ActiveCfg = Debug|Any CPU
		{A9CC238F-3133-4D76-A9A8-1FBC894774C5}.Debug|Any CPU.Build.0 = Debug|Any CPU
		{A9CC238F-3133-4D76-A9A8-1FBC894774C5}.Release|Any CPU.ActiveCfg = Release|Any CPU
		{A9CC238F-3133-4D76-A9A8-1FBC894774C5}.Release|Any CPU.Build.0 = Release|Any CPU
		{1B98073A-B2DC-468C-A7E9-F71578E26118}.Debug|Any CPU.ActiveCfg = Debug|Any CPU
		{1B98073A-B2DC-468C-A7E9-F71578E26118}.Debug|Any CPU.Build.0 = Debug|Any CPU
		{1B98073A-B2DC-468C-A7E9-F71578E26118}.Release|Any CPU.ActiveCfg = Release|Any CPU
		{1B98073A-B2DC-468C-A7E9-F71578E26118}.Release|Any CPU.Build.0 = Release|Any CPU
		{B2C4B516-4A66-4CF0-B219-C25CBCB895FB}.Debug|Any CPU.ActiveCfg = Debug|Any CPU
		{B2C4B516-4A66-4CF0-B219-C25CBCB895FB}.Debug|Any CPU.Build.0 = Debug|Any CPU
		{B2C4B516-4A66-4CF0-B219-C25CBCB895FB}.Release|Any CPU.ActiveCfg = Release|Any CPU
		{B2C4B516-4A66-4CF0-B219-C25CBCB895FB}.Release|Any CPU.Build.0 = Release|Any CPU
		{2C8A7F34-B933-481C-B658-95EFBC177E77}.Debug|Any CPU.ActiveCfg = Debug|Any CPU
		{2C8A7F34-B933-481C-B658-95EFBC177E77}.Debug|Any CPU.Build.0 = Debug|Any CPU
		{2C8A7F34-B933-481C-B658-95EFBC177E77}.Release|Any CPU.ActiveCfg = Release|Any CPU
		{2C8A7F34-B933-481C-B658-95EFBC177E77}.Release|Any CPU.Build.0 = Release|Any CPU
		{4FCB33FA-5924-4B89-AB2B-5C51F6C2A995}.Debug|Any CPU.ActiveCfg = Debug|Any CPU
		{4FCB33FA-5924-4B89-AB2B-5C51F6C2A995}.Debug|Any CPU.Build.0 = Debug|Any CPU
		{4FCB33FA-5924-4B89-AB2B-5C51F6C2A995}.Release|Any CPU.ActiveCfg = Release|Any CPU
		{4FCB33FA-5924-4B89-AB2B-5C51F6C2A995}.Release|Any CPU.Build.0 = Release|Any CPU
		{6DE06256-5D91-4E85-AF9C-0FA8D7888911}.Debug|Any CPU.ActiveCfg = Debug|Any CPU
		{6DE06256-5D91-4E85-AF9C-0FA8D7888911}.Debug|Any CPU.Build.0 = Debug|Any CPU
		{6DE06256-5D91-4E85-AF9C-0FA8D7888911}.Release|Any CPU.ActiveCfg = Release|Any CPU
		{6DE06256-5D91-4E85-AF9C-0FA8D7888911}.Release|Any CPU.Build.0 = Release|Any CPU
		{9F71E046-C1B9-4168-8744-ED9D2F1BBA49}.Debug|Any CPU.ActiveCfg = Debug|Any CPU
		{9F71E046-C1B9-4168-8744-ED9D2F1BBA49}.Debug|Any CPU.Build.0 = Debug|Any CPU
		{9F71E046-C1B9-4168-8744-ED9D2F1BBA49}.Release|Any CPU.ActiveCfg = Release|Any CPU
		{9F71E046-C1B9-4168-8744-ED9D2F1BBA49}.Release|Any CPU.Build.0 = Release|Any CPU
		{D0BA31A1-F17F-4E75-A108-3DE15DAB6613}.Debug|Any CPU.ActiveCfg = Debug|Any CPU
		{D0BA31A1-F17F-4E75-A108-3DE15DAB6613}.Debug|Any CPU.Build.0 = Debug|Any CPU
		{D0BA31A1-F17F-4E75-A108-3DE15DAB6613}.Release|Any CPU.ActiveCfg = Release|Any CPU
		{D0BA31A1-F17F-4E75-A108-3DE15DAB6613}.Release|Any CPU.Build.0 = Release|Any CPU
	EndGlobalSection
	GlobalSection(SolutionProperties) = preSolution
		HideSolutionNode = FALSE
	EndGlobalSection
	GlobalSection(NestedProjects) = preSolution
		{D53D8472-D2E2-4A49-BAA4-DBA0E07AF95C} = {CD8276D4-87DC-4BA5-B316-F4F622A7B7A3}
		{CFD08A14-F722-4132-AD37-8A0611E6C327} = {CD8276D4-87DC-4BA5-B316-F4F622A7B7A3}
		{FAB40AA3-0F91-41DB-98DA-A5A1D87830D0} = {CD8276D4-87DC-4BA5-B316-F4F622A7B7A3}
		{19B4C4C8-61A3-417D-A93D-9370F710AD0B} = {CD8276D4-87DC-4BA5-B316-F4F622A7B7A3}
		{D619F8BB-FAB0-424A-A46F-EACDD889A707} = {CD8276D4-87DC-4BA5-B316-F4F622A7B7A3}
		{6DE06256-5D91-4E85-AF9C-0FA8D7888911} = {003534C2-4C5C-4F55-A627-DF3AA6841E5B}
		{6AFF9995-C932-4B07-A72C-7FF6AA5EC933} = {003534C2-4C5C-4F55-A627-DF3AA6841E5B}
		{9F71E046-C1B9-4168-8744-ED9D2F1BBA49} = {003534C2-4C5C-4F55-A627-DF3AA6841E5B}
		{D0BA31A1-F17F-4E75-A108-3DE15DAB6613} = {003534C2-4C5C-4F55-A627-DF3AA6841E5B}
		{A9CC238F-3133-4D76-A9A8-1FBC894774C5} = {D53D8472-D2E2-4A49-BAA4-DBA0E07AF95C}
		{0597F74E-63EE-45EC-9D86-A057A302668E} = {D53D8472-D2E2-4A49-BAA4-DBA0E07AF95C}
		{1B98073A-B2DC-468C-A7E9-F71578E26118} = {D53D8472-D2E2-4A49-BAA4-DBA0E07AF95C}
		{B2C4B516-4A66-4CF0-B219-C25CBCB895FB} = {D53D8472-D2E2-4A49-BAA4-DBA0E07AF95C}
		{2C8A7F34-B933-481C-B658-95EFBC177E77} = {D53D8472-D2E2-4A49-BAA4-DBA0E07AF95C}
		{4FCB33FA-5924-4B89-AB2B-5C51F6C2A995} = {D53D8472-D2E2-4A49-BAA4-DBA0E07AF95C}
		{0F514B03-F74F-4D1B-AE63-F61E2392BBC4} = {D619F8BB-FAB0-424A-A46F-EACDD889A707}
	EndGlobalSection
EndGlobal
